
Microsoft Visual Studio Solution File, Format Version 12.00
# Visual Studio Version 16
VisualStudioVersion = 16.0.29613.14
MinimumVisualStudioVersion = 10.0.40219.1
Project("{9A19103F-16F7-4668-BE54-9A1E7A4F7556}") = "prectical1", "prectical1\prectical1.csproj", "{9DA0E372-84E9-49B6-B2A3-8A71C49D7779}"
EndProject
Project("{9A19103F-16F7-4668-BE54-9A1E7A4F7556}") = "prectical2", "prectical2\prectical2.csproj", "{9758DE31-A095-44D3-B783-D84EE6DF5D5B}"
EndProject
Project("{9A19103F-16F7-4668-BE54-9A1E7A4F7556}") = "prectical3", "prectical3\prectical3.csproj", "{AD69A3A8-2289-452E-B88D-AFA94EB1E514}"
EndProject
Project("{9A19103F-16F7-4668-BE54-9A1E7A4F7556}") = "demo", "demo\demo.csproj", "{567CB604-A880-4388-8571-42C111E7C270}"
EndProject
Project("{9A19103F-16F7-4668-BE54-9A1E7A4F7556}") = "prectical4", "prectical4\prectical4.csproj", "{D254D2CF-46FB-4C4A-9018-E1B504162559}"
EndProject
Project("{FAE04EC0-301F-11D3-BF4B-00C04F79EFBC}") = "prectical5", "prectical5\prectical5.csproj", "{4C2A934D-7DC8-4D5D-90AF-190A2466E978}"
EndProject
Global
	GlobalSection(SolutionConfigurationPlatforms) = preSolution
		Debug|Any CPU = Debug|Any CPU
		Release|Any CPU = Release|Any CPU
	EndGlobalSection
	GlobalSection(ProjectConfigurationPlatforms) = postSolution
		{9DA0E372-84E9-49B6-B2A3-8A71C49D7779}.Debug|Any CPU.ActiveCfg = Debug|Any CPU
		{9DA0E372-84E9-49B6-B2A3-8A71C49D7779}.Debug|Any CPU.Build.0 = Debug|Any CPU
		{9DA0E372-84E9-49B6-B2A3-8A71C49D7779}.Release|Any CPU.ActiveCfg = Release|Any CPU
		{9DA0E372-84E9-49B6-B2A3-8A71C49D7779}.Release|Any CPU.Build.0 = Release|Any CPU
		{9758DE31-A095-44D3-B783-D84EE6DF5D5B}.Debug|Any CPU.ActiveCfg = Debug|Any CPU
		{9758DE31-A095-44D3-B783-D84EE6DF5D5B}.Debug|Any CPU.Build.0 = Debug|Any CPU
		{9758DE31-A095-44D3-B783-D84EE6DF5D5B}.Release|Any CPU.ActiveCfg = Release|Any CPU
		{9758DE31-A095-44D3-B783-D84EE6DF5D5B}.Release|Any CPU.Build.0 = Release|Any CPU
		{AD69A3A8-2289-452E-B88D-AFA94EB1E514}.Debug|Any CPU.ActiveCfg = Debug|Any CPU
		{AD69A3A8-2289-452E-B88D-AFA94EB1E514}.Debug|Any CPU.Build.0 = Debug|Any CPU
		{AD69A3A8-2289-452E-B88D-AFA94EB1E514}.Release|Any CPU.ActiveCfg = Release|Any CPU
		{AD69A3A8-2289-452E-B88D-AFA94EB1E514}.Release|Any CPU.Build.0 = Release|Any CPU
		{567CB604-A880-4388-8571-42C111E7C270}.Debug|Any CPU.ActiveCfg = Debug|Any CPU
		{567CB604-A880-4388-8571-42C111E7C270}.Debug|Any CPU.Build.0 = Debug|Any CPU
		{567CB604-A880-4388-8571-42C111E7C270}.Release|Any CPU.ActiveCfg = Release|Any CPU
		{567CB604-A880-4388-8571-42C111E7C270}.Release|Any CPU.Build.0 = Release|Any CPU
		{D254D2CF-46FB-4C4A-9018-E1B504162559}.Debug|Any CPU.ActiveCfg = Debug|Any CPU
		{D254D2CF-46FB-4C4A-9018-E1B504162559}.Debug|Any CPU.Build.0 = Debug|Any CPU
		{D254D2CF-46FB-4C4A-9018-E1B504162559}.Release|Any CPU.ActiveCfg = Release|Any CPU
		{D254D2CF-46FB-4C4A-9018-E1B504162559}.Release|Any CPU.Build.0 = Release|Any CPU
		{4C2A934D-7DC8-4D5D-90AF-190A2466E978}.Debug|Any CPU.ActiveCfg = Debug|Any CPU
		{4C2A934D-7DC8-4D5D-90AF-190A2466E978}.Debug|Any CPU.Build.0 = Debug|Any CPU
		{4C2A934D-7DC8-4D5D-90AF-190A2466E978}.Release|Any CPU.ActiveCfg = Release|Any CPU
		{4C2A934D-7DC8-4D5D-90AF-190A2466E978}.Release|Any CPU.Build.0 = Release|Any CPU
	EndGlobalSection
	GlobalSection(SolutionProperties) = preSolution
		HideSolutionNode = FALSE
	EndGlobalSection
	GlobalSection(ExtensibilityGlobals) = postSolution
		SolutionGuid = {AD9E4B40-3B6E-4E52-8976-5680FFA435BE}
	EndGlobalSection
EndGlobal
