
Microsoft Visual Studio Solution File, Format Version 12.00
# Visual Studio Version 16
VisualStudioVersion = 16.0.29613.14
MinimumVisualStudioVersion = 10.0.40219.1
Project("{9A19103F-16F7-4668-BE54-9A1E7A4F7556}") = "prectical1", "prectical1\prectical1.csproj", "{9DA0E372-84E9-49B6-B2A3-8A71C49D7779}"
EndProject
Project("{9A19103F-16F7-4668-BE54-9A1E7A4F7556}") = "prectical2", "prectical2\prectical2.csproj", "{9758DE31-A095-44D3-B783-D84EE6DF5D5B}"
EndProject
Project("{FAE04EC0-301F-11D3-BF4B-00C04F79EFBC}") = "prectical3", "prectical3\prectical3.csproj", "{A78851AF-490F-494D-925F-D0F45B9ED983}"
EndProject
Global
	GlobalSection(SolutionConfigurationPlatforms) = preSolution
		Debug|Any CPU = Debug|Any CPU
		Release|Any CPU = Release|Any CPU
	EndGlobalSection
	GlobalSection(ProjectConfigurationPlatforms) = postSolution
		{9DA0E372-84E9-49B6-B2A3-8A71C49D7779}.Debug|Any CPU.ActiveCfg = Debug|Any CPU
		{9DA0E372-84E9-49B6-B2A3-8A71C49D7779}.Debug|Any CPU.Build.0 = Debug|Any CPU
		{9DA0E372-84E9-49B6-B2A3-8A71C49D7779}.Release|Any CPU.ActiveCfg = Release|Any CPU
		{9DA0E372-84E9-49B6-B2A3-8A71C49D7779}.Release|Any CPU.Build.0 = Release|Any CPU
		{9758DE31-A095-44D3-B783-D84EE6DF5D5B}.Debug|Any CPU.ActiveCfg = Debug|Any CPU
		{9758DE31-A095-44D3-B783-D84EE6DF5D5B}.Debug|Any CPU.Build.0 = Debug|Any CPU
		{9758DE31-A095-44D3-B783-D84EE6DF5D5B}.Release|Any CPU.ActiveCfg = Release|Any CPU
		{9758DE31-A095-44D3-B783-D84EE6DF5D5B}.Release|Any CPU.Build.0 = Release|Any CPU
		{A78851AF-490F-494D-925F-D0F45B9ED983}.Debug|Any CPU.ActiveCfg = Debug|Any CPU
		{A78851AF-490F-494D-925F-D0F45B9ED983}.Debug|Any CPU.Build.0 = Debug|Any CPU
		{A78851AF-490F-494D-925F-D0F45B9ED983}.Release|Any CPU.ActiveCfg = Release|Any CPU
		{A78851AF-490F-494D-925F-D0F45B9ED983}.Release|Any CPU.Build.0 = Release|Any CPU
	EndGlobalSection
	GlobalSection(SolutionProperties) = preSolution
		HideSolutionNode = FALSE
	EndGlobalSection
	GlobalSection(ExtensibilityGlobals) = postSolution
		SolutionGuid = {AD9E4B40-3B6E-4E52-8976-5680FFA435BE}
	EndGlobalSection
EndGlobal
